// !$*UTF8*$!
{
	archiveVersion = 1;
	classes = {
	};
	objectVersion = 77;
	objects = {

/* Begin PBXBuildFile section */
		2CEF39F7FD19620FD2F23F29 /* Assets.xcassets in Resources */ = {isa = PBXBuildFile; fileRef = 433219C66195467B6D18EBE2 /* Assets.xcassets */; };
		2D83AB665FB67BD38C5B1C1D /* ContentView.swift in Sources */ = {isa = PBXBuildFile; fileRef = 111A95297D7BDFE741A4AB58 /* ContentView.swift */; };
		301B8D3E39C91727659911F2 /* RideRecordingCoordinator.swift in Sources */ = {isa = PBXBuildFile; fileRef = 9DFA6E4A8A88EBE9705ACBBC /* RideRecordingCoordinator.swift */; };
		3101FBE2257089C33564E9F3 /* NativeSessionHost.swift in Sources */ = {isa = PBXBuildFile; fileRef = 118A7D0BF080DAF5A9EE7A49 /* NativeSessionHost.swift */; };
		4416FB041CE235F6B959123C /* RideLocationAdapterTests.swift in Sources */ = {isa = PBXBuildFile; fileRef = 42ED8252B461D01F2FB31AED /* RideLocationAdapterTests.swift */; };
		5CCA370658E8BF67E9F97C30 /* RideDiagnosticExport.swift in Sources */ = {isa = PBXBuildFile; fileRef = 5F9641957D52E939A9E3E464 /* RideDiagnosticExport.swift */; };
		60537319C7421309A586FE6E /* KeychainNativeSessionStoreTests.swift in Sources */ = {isa = PBXBuildFile; fileRef = 4BFAE21D88D66640543BF627 /* KeychainNativeSessionStoreTests.swift */; };
		64EF412908DDD1B43ED24E30 /* RideModeView.swift in Sources */ = {isa = PBXBuildFile; fileRef = 5563B213E33A71EB2495406C /* RideModeView.swift */; };
		6B59DA0CA32FC9630AB5FC10 /* BikeFacilityOverlay.swift in Sources */ = {isa = PBXBuildFile; fileRef = 5C359B62CA3E6854B85EE433 /* BikeFacilityOverlay.swift */; };
		8B342B0F00A1EE875B5E41FE /* KeychainNativeSessionStore.swift in Sources */ = {isa = PBXBuildFile; fileRef = 241A36E502B1312A1059D80F /* KeychainNativeSessionStore.swift */; };
		9BFADCD92390864B34A1E52A /* RideLocationAdapter.swift in Sources */ = {isa = PBXBuildFile; fileRef = 153CDE7AA23F0C674D9A3838 /* RideLocationAdapter.swift */; };
		C0D9B089B14B72A5D3614DB9 /* RideDiagnosticExportTests.swift in Sources */ = {isa = PBXBuildFile; fileRef = 9F8CD4734156026D29F07C31 /* RideDiagnosticExportTests.swift */; };
		D6A6379B232409094821BBA9 /* AtlasMobileApp.swift in Sources */ = {isa = PBXBuildFile; fileRef = DA733C25A57C7D5B15A11EAA /* AtlasMobileApp.swift */; };
/* End PBXBuildFile section */

/* Begin PBXContainerItemProxy section */
		6C91C4C3FB7A6148E5A60ABC /* PBXContainerItemProxy */ = {
			isa = PBXContainerItemProxy;
			containerPortal = 8D0B85E0ED1FFEEA17E971DC /* Project object */;
			proxyType = 1;
			remoteGlobalIDString = 7080EEDF3E6F4E71528E7E91;
			remoteInfo = AtlasMobile;
		};
/* End PBXContainerItemProxy section */

/* Begin PBXFileReference section */
		111A95297D7BDFE741A4AB58 /* ContentView.swift */ = {isa = PBXFileReference; lastKnownFileType = sourcecode.swift; path = ContentView.swift; sourceTree = "<group>"; };
		118A7D0BF080DAF5A9EE7A49 /* NativeSessionHost.swift */ = {isa = PBXFileReference; lastKnownFileType = sourcecode.swift; path = NativeSessionHost.swift; sourceTree = "<group>"; };
		153CDE7AA23F0C674D9A3838 /* RideLocationAdapter.swift */ = {isa = PBXFileReference; lastKnownFileType = sourcecode.swift; path = RideLocationAdapter.swift; sourceTree = "<group>"; };
		203BA7723527883E728ED112 /* AtlasMobileTests.xctest */ = {isa = PBXFileReference; includeInIndex = 0; lastKnownFileType = wrapper.cfbundle; path = AtlasMobileTests.xctest; sourceTree = BUILT_PRODUCTS_DIR; };
		241A36E502B1312A1059D80F /* KeychainNativeSessionStore.swift */ = {isa = PBXFileReference; lastKnownFileType = sourcecode.swift; path = KeychainNativeSessionStore.swift; sourceTree = "<group>"; };
		24DABC3DE1A9B0986FE9ACB4 /* Info.plist */ = {isa = PBXFileReference; lastKnownFileType = text.plist; path = Info.plist; sourceTree = "<group>"; };
		42ED8252B461D01F2FB31AED /* RideLocationAdapterTests.swift */ = {isa = PBXFileReference; lastKnownFileType = sourcecode.swift; path = RideLocationAdapterTests.swift; sourceTree = "<group>"; };
		433219C66195467B6D18EBE2 /* Assets.xcassets */ = {isa = PBXFileReference; lastKnownFileType = folder.assetcatalog; path = Assets.xcassets; sourceTree = "<group>"; };
		4BFAE21D88D66640543BF627 /* KeychainNativeSessionStoreTests.swift */ = {isa = PBXFileReference; lastKnownFileType = sourcecode.swift; path = KeychainNativeSessionStoreTests.swift; sourceTree = "<group>"; };
		5563B213E33A71EB2495406C /* RideModeView.swift */ = {isa = PBXFileReference; lastKnownFileType = sourcecode.swift; path = RideModeView.swift; sourceTree = "<group>"; };
		5C359B62CA3E6854B85EE433 /* BikeFacilityOverlay.swift */ = {isa = PBXFileReference; lastKnownFileType = sourcecode.swift; path = BikeFacilityOverlay.swift; sourceTree = "<group>"; };
		5F9641957D52E939A9E3E464 /* RideDiagnosticExport.swift */ = {isa = PBXFileReference; lastKnownFileType = sourcecode.swift; path = RideDiagnosticExport.swift; sourceTree = "<group>"; };
		9DFA6E4A8A88EBE9705ACBBC /* RideRecordingCoordinator.swift */ = {isa = PBXFileReference; lastKnownFileType = sourcecode.swift; path = RideRecordingCoordinator.swift; sourceTree = "<group>"; };
		9F8CD4734156026D29F07C31 /* RideDiagnosticExportTests.swift */ = {isa = PBXFileReference; lastKnownFileType = sourcecode.swift; path = RideDiagnosticExportTests.swift; sourceTree = "<group>"; };
		CCBA70690C216A766CB979EB /* AtlasMobile.app */ = {isa = PBXFileReference; includeInIndex = 0; lastKnownFileType = wrapper.application; path = AtlasMobile.app; sourceTree = BUILT_PRODUCTS_DIR; };
		DA733C25A57C7D5B15A11EAA /* AtlasMobileApp.swift */ = {isa = PBXFileReference; lastKnownFileType = sourcecode.swift; path = AtlasMobileApp.swift; sourceTree = "<group>"; };
/* End PBXFileReference section */

/* Begin PBXGroup section */
		1ED847DD1645B904F5796DF0 /* AtlasMobileTests */ = {
			isa = PBXGroup;
			children = (
				4BFAE21D88D66640543BF627 /* KeychainNativeSessionStoreTests.swift */,
				9F8CD4734156026D29F07C31 /* RideDiagnosticExportTests.swift */,
				42ED8252B461D01F2FB31AED /* RideLocationAdapterTests.swift */,
			);
			path = AtlasMobileTests;
			sourceTree = "<group>";
		};
		5B8E8D5488E97305A00EB7B7 /* AtlasMobile */ = {
			isa = PBXGroup;
			children = (
				433219C66195467B6D18EBE2 /* Assets.xcassets */,
				DA733C25A57C7D5B15A11EAA /* AtlasMobileApp.swift */,
				5C359B62CA3E6854B85EE433 /* BikeFacilityOverlay.swift */,
				111A95297D7BDFE741A4AB58 /* ContentView.swift */,
				24DABC3DE1A9B0986FE9ACB4 /* Info.plist */,
				241A36E502B1312A1059D80F /* KeychainNativeSessionStore.swift */,
				118A7D0BF080DAF5A9EE7A49 /* NativeSessionHost.swift */,
				5F9641957D52E939A9E3E464 /* RideDiagnosticExport.swift */,
				153CDE7AA23F0C674D9A3838 /* RideLocationAdapter.swift */,
				5563B213E33A71EB2495406C /* RideModeView.swift */,
				9DFA6E4A8A88EBE9705ACBBC /* RideRecordingCoordinator.swift */,
			);
			path = AtlasMobile;
			sourceTree = "<group>";
		};
		CF4484DC613A7BAD41F0185C /* Products */ = {
			isa = PBXGroup;
			children = (
				CCBA70690C216A766CB979EB /* AtlasMobile.app */,
				203BA7723527883E728ED112 /* AtlasMobileTests.xctest */,
			);
			name = Products;
			sourceTree = "<group>";
		};
		E509B6CAF1624EAB84CA9F9B = {
			isa = PBXGroup;
			children = (
				5B8E8D5488E97305A00EB7B7 /* AtlasMobile */,
				1ED847DD1645B904F5796DF0 /* AtlasMobileTests */,
				CF4484DC613A7BAD41F0185C /* Products */,
			);
			sourceTree = "<group>";
		};
/* End PBXGroup section */

/* Begin PBXNativeTarget section */
		0B00D5EE97F71F56F3C10F3B /* AtlasMobileTests */ = {
			isa = PBXNativeTarget;
			buildConfigurationList = 8D483C3521DA5C61E855AFCC /* Build configuration list for PBXNativeTarget "AtlasMobileTests" */;
			buildPhases = (
				0AFB3CE184E179A2B252DFE7 /* Sources */,
			);
			buildRules = (
			);
			dependencies = (
				6A3817118F55962DB7FC84EB /* PBXTargetDependency */,
			);
			name = AtlasMobileTests;
			packageProductDependencies = (
			);
			productName = AtlasMobileTests;
			productReference = 203BA7723527883E728ED112 /* AtlasMobileTests.xctest */;
			productType = "com.apple.product-type.bundle.unit-test";
		};
		7080EEDF3E6F4E71528E7E91 /* AtlasMobile */ = {
			isa = PBXNativeTarget;
			buildConfigurationList = A986621FF4962AC4125ADED2 /* Build configuration list for PBXNativeTarget "AtlasMobile" */;
			buildPhases = (
				7E866EEA17ED27B09D082FEE /* Build Kotlin framework */,
				BF51075CB9F7DEA70186E90D /* Sources */,
				56D2251957CDA1E26C5E7115 /* Resources */,
			);
			buildRules = (
			);
			dependencies = (
			);
			name = AtlasMobile;
			packageProductDependencies = (
			);
			productName = AtlasMobile;
			productReference = CCBA70690C216A766CB979EB /* AtlasMobile.app */;
			productType = "com.apple.product-type.application";
		};
/* End PBXNativeTarget section */

/* Begin PBXProject section */
		8D0B85E0ED1FFEEA17E971DC /* Project object */ = {
			isa = PBXProject;
			attributes = {
				BuildIndependentTargetsInParallel = YES;
				LastUpgradeCheck = 2650;
				TargetAttributes = {
					0B00D5EE97F71F56F3C10F3B = {
						DevelopmentTeam = 77H7V8G86J;
					};
					7080EEDF3E6F4E71528E7E91 = {
						DevelopmentTeam = 77H7V8G86J;
					};
				};
			};
			buildConfigurationList = 9A863C70EB1463208D2F8B8D /* Build configuration list for PBXProject "AtlasMobile" */;
			developmentRegion = en;
			hasScannedForEncodings = 0;
			knownRegions = (
				Base,
				en,
			);
			mainGroup = E509B6CAF1624EAB84CA9F9B;
			minimizedProjectReferenceProxies = 1;
			preferredProjectObjectVersion = 77;
			productRefGroup = CF4484DC613A7BAD41F0185C /* Products */;
			projectDirPath = "";
			projectRoot = "";
			targets = (
				7080EEDF3E6F4E71528E7E91 /* AtlasMobile */,
				0B00D5EE97F71F56F3C10F3B /* AtlasMobileTests */,
			);
		};
/* End PBXProject section */

/* Begin PBXResourcesBuildPhase section */
		56D2251957CDA1E26C5E7115 /* Resources */ = {
			isa = PBXResourcesBuildPhase;
			buildActionMask = 2147483647;
			files = (
				2CEF39F7FD19620FD2F23F29 /* Assets.xcassets in Resources */,
			);
			runOnlyForDeploymentPostprocessing = 0;
		};
/* End PBXResourcesBuildPhase section */

/* Begin PBXShellScriptBuildPhase section */
		7E866EEA17ED27B09D082FEE /* Build Kotlin framework */ = {
			isa = PBXShellScriptBuildPhase;
			alwaysOutOfDate = 1;
			buildActionMask = 2147483647;
			files = (
			);
			inputFileListPaths = (
			);
			inputPaths = (
			);
			name = "Build Kotlin framework";
			outputFileListPaths = (
			);
			outputPaths = (
			);
			runOnlyForDeploymentPostprocessing = 0;
			shellPath = /bin/sh;
			shellScript = "cd \"$SRCROOT/..\"\nif [ \"$CONFIGURATION\" != \"Debug\" ]; then\n  echo \"Only the Debug framework is configured in this initial scaffold.\" >&2\n  exit 1\nfi\nif [ \"$PLATFORM_NAME\" = \"iphoneos\" ]; then\n  ./gradlew :shared:copyDebugIosArm64FrameworkForXcode\nelif echo \"$ARCHS\" | grep -q x86_64; then\n  ./gradlew :shared:copyDebugIosX64FrameworkForXcode\nelse\n  ./gradlew :shared:copyDebugIosSimulatorArm64FrameworkForXcode\nfi\n";
		};
/* End PBXShellScriptBuildPhase section */

/* Begin PBXSourcesBuildPhase section */
		0AFB3CE184E179A2B252DFE7 /* Sources */ = {
			isa = PBXSourcesBuildPhase;
			buildActionMask = 2147483647;
			files = (
				60537319C7421309A586FE6E /* KeychainNativeSessionStoreTests.swift in Sources */,
				C0D9B089B14B72A5D3614DB9 /* RideDiagnosticExportTests.swift in Sources */,
				4416FB041CE235F6B959123C /* RideLocationAdapterTests.swift in Sources */,
			);
			runOnlyForDeploymentPostprocessing = 0;
		};
		BF51075CB9F7DEA70186E90D /* Sources */ = {
			isa = PBXSourcesBuildPhase;
			buildActionMask = 2147483647;
			files = (
				D6A6379B232409094821BBA9 /* AtlasMobileApp.swift in Sources */,
				6B59DA0CA32FC9630AB5FC10 /* BikeFacilityOverlay.swift in Sources */,
				2D83AB665FB67BD38C5B1C1D /* ContentView.swift in Sources */,
				8B342B0F00A1EE875B5E41FE /* KeychainNativeSessionStore.swift in Sources */,
				3101FBE2257089C33564E9F3 /* NativeSessionHost.swift in Sources */,
				5CCA370658E8BF67E9F97C30 /* RideDiagnosticExport.swift in Sources */,
				9BFADCD92390864B34A1E52A /* RideLocationAdapter.swift in Sources */,
				64EF412908DDD1B43ED24E30 /* RideModeView.swift in Sources */,
				301B8D3E39C91727659911F2 /* RideRecordingCoordinator.swift in Sources */,
			);
			runOnlyForDeploymentPostprocessing = 0;
		};
/* End PBXSourcesBuildPhase section */

/* Begin PBXTargetDependency section */
		6A3817118F55962DB7FC84EB /* PBXTargetDependency */ = {
			isa = PBXTargetDependency;
			target = 7080EEDF3E6F4E71528E7E91 /* AtlasMobile */;
			targetProxy = 6C91C4C3FB7A6148E5A60ABC /* PBXContainerItemProxy */;
		};
/* End PBXTargetDependency section */

/* Begin XCBuildConfiguration section */
		0C1E9B23EF50EFF1E611AC08 /* Debug */ = {
			isa = XCBuildConfiguration;
			buildSettings = {
				BUNDLE_LOADER = "$(TEST_HOST)";
				FRAMEWORK_SEARCH_PATHS = "$(inherited) $(SRCROOT)/../shared/build/xcode-frameworks/$(CONFIGURATION)/$(PLATFORM_NAME)";
				GENERATE_INFOPLIST_FILE = YES;
				LD_RUNPATH_SEARCH_PATHS = (
					"$(inherited)",
					"@executable_path/Frameworks",
					"@loader_path/Frameworks",
				);
				OTHER_LDFLAGS = "$(inherited) -framework AtlasShared -lsqlite3";
				PRODUCT_BUNDLE_IDENTIFIER = us.ryanshores.atlas.AtlasMobileTests;
				SDKROOT = iphoneos;
				TARGETED_DEVICE_FAMILY = "1,2";
				TEST_HOST = "$(BUILT_PRODUCTS_DIR)/AtlasMobile.app/AtlasMobile";
			};
			name = Debug;
		};
		1D16D6CDCCB952476DD82F9D /* Debug */ = {
			isa = XCBuildConfiguration;
			buildSettings = {
				ALWAYS_SEARCH_USER_PATHS = NO;
				ATLAS_API_BASE_URL = "https://austin-trails-preview.ryan-shores.workers.dev";
				CLANG_ANALYZER_NONNULL = YES;
				CLANG_ANALYZER_NUMBER_OBJECT_CONVERSION = YES_AGGRESSIVE;
				CLANG_CXX_LANGUAGE_STANDARD = "gnu++14";
				CLANG_CXX_LIBRARY = "libc++";
				CLANG_ENABLE_MODULES = YES;
				CLANG_ENABLE_OBJC_ARC = YES;
				CLANG_ENABLE_OBJC_WEAK = YES;
				CLANG_WARN_BLOCK_CAPTURE_AUTORELEASING = YES;
				CLANG_WARN_BOOL_CONVERSION = YES;
				CLANG_WARN_COMMA = YES;
				CLANG_WARN_CONSTANT_CONVERSION = YES;
				CLANG_WARN_DEPRECATED_OBJC_IMPLEMENTATIONS = YES;
				CLANG_WARN_DIRECT_OBJC_ISA_USAGE = YES_ERROR;
				CLANG_WARN_DOCUMENTATION_COMMENTS = YES;
				CLANG_WARN_EMPTY_BODY = YES;
				CLANG_WARN_ENUM_CONVERSION = YES;
				CLANG_WARN_INFINITE_RECURSION = YES;
				CLANG_WARN_INT_CONVERSION = YES;
				CLANG_WARN_NON_LITERAL_NULL_CONVERSION = YES;
				CLANG_WARN_OBJC_IMPLICIT_RETAIN_SELF = YES;
				CLANG_WARN_OBJC_LITERAL_CONVERSION = YES;
				CLANG_WARN_OBJC_ROOT_CLASS = YES_ERROR;
				CLANG_WARN_QUOTED_INCLUDE_IN_FRAMEWORK_HEADER = YES;
				CLANG_WARN_RANGE_LOOP_ANALYSIS = YES;
				CLANG_WARN_STRICT_PROTOTYPES = YES;
				CLANG_WARN_SUSPICIOUS_MOVE = YES;
				CLANG_WARN_UNGUARDED_AVAILABILITY = YES_AGGRESSIVE;
				CLANG_WARN_UNREACHABLE_CODE = YES;
				CLANG_WARN__DUPLICATE_METHOD_MATCH = YES;
				COPY_PHASE_STRIP = NO;
				CURRENT_PROJECT_VERSION = 1;
				DEBUG_INFORMATION_FORMAT = dwarf;
				DEVELOPMENT_TEAM = 77H7V8G86J;
				ENABLE_STRICT_OBJC_MSGSEND = YES;
				ENABLE_TESTABILITY = YES;
				ENABLE_USER_SCRIPT_SANDBOXING = NO;
				GCC_C_LANGUAGE_STANDARD = gnu11;
				GCC_DYNAMIC_NO_PIC = NO;
				GCC_NO_COMMON_BLOCKS = YES;
				GCC_OPTIMIZATION_LEVEL = 0;
				GCC_PREPROCESSOR_DEFINITIONS = (
					"$(inherited)",
					"DEBUG=1",
				);
				GCC_WARN_64_TO_32_BIT_CONVERSION = YES;
				GCC_WARN_ABOUT_RETURN_TYPE = YES_ERROR;
				GCC_WARN_UNDECLARED_SELECTOR = YES;
				GCC_WARN_UNINITIALIZED_AUTOS = YES_AGGRESSIVE;
				GCC_WARN_UNUSED_FUNCTION = YES;
				GCC_WARN_UNUSED_VARIABLE = YES;
				IPHONEOS_DEPLOYMENT_TARGET = 17.0;
				MARKETING_VERSION = 1.0;
				MTL_ENABLE_DEBUG_INFO = INCLUDE_SOURCE;
				MTL_FAST_MATH = YES;
				ONLY_ACTIVE_ARCH = YES;
				PRODUCT_NAME = "$(TARGET_NAME)";
				SDKROOT = iphoneos;
				STRING_CATALOG_GENERATE_SYMBOLS = YES;
				SWIFT_ACTIVE_COMPILATION_CONDITIONS = DEBUG;
				SWIFT_OPTIMIZATION_LEVEL = "-Onone";
				SWIFT_VERSION = 6.0;
			};
			name = Debug;
		};
		27D53CB7BCC9A231F045CB6D /* Release */ = {
			isa = XCBuildConfiguration;
			buildSettings = {
				BUNDLE_LOADER = "$(TEST_HOST)";
				FRAMEWORK_SEARCH_PATHS = "$(inherited) $(SRCROOT)/../shared/build/xcode-frameworks/$(CONFIGURATION)/$(PLATFORM_NAME)";
				GENERATE_INFOPLIST_FILE = YES;
				LD_RUNPATH_SEARCH_PATHS = (
					"$(inherited)",
					"@executable_path/Frameworks",
					"@loader_path/Frameworks",
				);
				OTHER_LDFLAGS = "$(inherited) -framework AtlasShared -lsqlite3";
				PRODUCT_BUNDLE_IDENTIFIER = us.ryanshores.atlas.AtlasMobileTests;
				SDKROOT = iphoneos;
				TARGETED_DEVICE_FAMILY = "1,2";
				TEST_HOST = "$(BUILT_PRODUCTS_DIR)/AtlasMobile.app/AtlasMobile";
			};
			name = Release;
		};
		770EDDBE371F4EDBE25AA9D9 /* Release */ = {
			isa = XCBuildConfiguration;
			buildSettings = {
				ASSETCATALOG_COMPILER_APPICON_NAME = AppIcon;
				CODE_SIGN_IDENTITY = "iPhone Developer";
				CURRENT_PROJECT_VERSION = 0.1;
				FRAMEWORK_SEARCH_PATHS = "$(inherited) $(SRCROOT)/../shared/build/xcode-frameworks/$(CONFIGURATION)/$(PLATFORM_NAME)";
				GENERATE_INFOPLIST_FILE = NO;
				INFOPLIST_FILE = AtlasMobile/Info.plist;
				LD_RUNPATH_SEARCH_PATHS = (
					"$(inherited)",
					"@executable_path/Frameworks",
				);
				MARKETING_VERSION = 0.1;
				OTHER_LDFLAGS = "$(inherited) -framework AtlasShared -lsqlite3";
				PRODUCT_BUNDLE_IDENTIFIER = us.ryanshores.atlas.mobile;
				SDKROOT = iphoneos;
				TARGETED_DEVICE_FAMILY = "1,2";
			};
			name = Release;
		};
		77A1441C2984EEA5AC83494E /* Debug */ = {
			isa = XCBuildConfiguration;
			buildSettings = {
				ASSETCATALOG_COMPILER_APPICON_NAME = AppIcon;
				CODE_SIGN_IDENTITY = "iPhone Developer";
				CURRENT_PROJECT_VERSION = 0.1;
				FRAMEWORK_SEARCH_PATHS = "$(inherited) $(SRCROOT)/../shared/build/xcode-frameworks/$(CONFIGURATION)/$(PLATFORM_NAME)";
				GENERATE_INFOPLIST_FILE = NO;
				INFOPLIST_FILE = AtlasMobile/Info.plist;
				LD_RUNPATH_SEARCH_PATHS = (
					"$(inherited)",
					"@executable_path/Frameworks",
				);
				MARKETING_VERSION = 0.1;
				OTHER_LDFLAGS = "$(inherited) -framework AtlasShared -lsqlite3";
				PRODUCT_BUNDLE_IDENTIFIER = us.ryanshores.atlas.mobile;
				SDKROOT = iphoneos;
				TARGETED_DEVICE_FAMILY = "1,2";
			};
			name = Debug;
		};
		B00AB349AF0C70CAFD6A0AD1 /* Release */ = {
			isa = XCBuildConfiguration;
			buildSettings = {
				ALWAYS_SEARCH_USER_PATHS = NO;
				ATLAS_API_BASE_URL = "https://austin-trails.ryan-shores.workers.dev";
				CLANG_ANALYZER_NONNULL = YES;
				CLANG_ANALYZER_NUMBER_OBJECT_CONVERSION = YES_AGGRESSIVE;
				CLANG_CXX_LANGUAGE_STANDARD = "gnu++14";
				CLANG_CXX_LIBRARY = "libc++";
				CLANG_ENABLE_MODULES = YES;
				CLANG_ENABLE_OBJC_ARC = YES;
				CLANG_ENABLE_OBJC_WEAK = YES;
				CLANG_WARN_BLOCK_CAPTURE_AUTORELEASING = YES;
				CLANG_WARN_BOOL_CONVERSION = YES;
				CLANG_WARN_COMMA = YES;
				CLANG_WARN_CONSTANT_CONVERSION = YES;
				CLANG_WARN_DEPRECATED_OBJC_IMPLEMENTATIONS = YES;
				CLANG_WARN_DIRECT_OBJC_ISA_USAGE = YES_ERROR;
				CLANG_WARN_DOCUMENTATION_COMMENTS = YES;
				CLANG_WARN_EMPTY_BODY = YES;
				CLANG_WARN_ENUM_CONVERSION = YES;
				CLANG_WARN_INFINITE_RECURSION = YES;
				CLANG_WARN_INT_CONVERSION = YES;
				CLANG_WARN_NON_LITERAL_NULL_CONVERSION = YES;
				CLANG_WARN_OBJC_IMPLICIT_RETAIN_SELF = YES;
				CLANG_WARN_OBJC_LITERAL_CONVERSION = YES;
				CLANG_WARN_OBJC_ROOT_CLASS = YES_ERROR;
				CLANG_WARN_QUOTED_INCLUDE_IN_FRAMEWORK_HEADER = YES;
				CLANG_WARN_RANGE_LOOP_ANALYSIS = YES;
				CLANG_WARN_STRICT_PROTOTYPES = YES;
				CLANG_WARN_SUSPICIOUS_MOVE = YES;
				CLANG_WARN_UNGUARDED_AVAILABILITY = YES_AGGRESSIVE;
				CLANG_WARN_UNREACHABLE_CODE = YES;
				CLANG_WARN__DUPLICATE_METHOD_MATCH = YES;
				COPY_PHASE_STRIP = NO;
				CURRENT_PROJECT_VERSION = 1;
				DEBUG_INFORMATION_FORMAT = "dwarf-with-dsym";
				DEVELOPMENT_TEAM = 77H7V8G86J;
				ENABLE_NS_ASSERTIONS = NO;
				ENABLE_STRICT_OBJC_MSGSEND = YES;
				ENABLE_USER_SCRIPT_SANDBOXING = NO;
				GCC_C_LANGUAGE_STANDARD = gnu11;
				GCC_NO_COMMON_BLOCKS = YES;
				GCC_WARN_64_TO_32_BIT_CONVERSION = YES;
				GCC_WARN_ABOUT_RETURN_TYPE = YES_ERROR;
				GCC_WARN_UNDECLARED_SELECTOR = YES;
				GCC_WARN_UNINITIALIZED_AUTOS = YES_AGGRESSIVE;
				GCC_WARN_UNUSED_FUNCTION = YES;
				GCC_WARN_UNUSED_VARIABLE = YES;
				IPHONEOS_DEPLOYMENT_TARGET = 17.0;
				MARKETING_VERSION = 1.0;
				MTL_ENABLE_DEBUG_INFO = NO;
				MTL_FAST_MATH = YES;
				PRODUCT_NAME = "$(TARGET_NAME)";
				SDKROOT = iphoneos;
				STRING_CATALOG_GENERATE_SYMBOLS = YES;
				SWIFT_COMPILATION_MODE = wholemodule;
				SWIFT_OPTIMIZATION_LEVEL = "-O";
				SWIFT_VERSION = 6.0;
			};
			name = Release;
		};
/* End XCBuildConfiguration section */

/* Begin XCConfigurationList section */
		8D483C3521DA5C61E855AFCC /* Build configuration list for PBXNativeTarget "AtlasMobileTests" */ = {
			isa = XCConfigurationList;
			buildConfigurations = (
				0C1E9B23EF50EFF1E611AC08 /* Debug */,
				27D53CB7BCC9A231F045CB6D /* Release */,
			);
			defaultConfigurationIsVisible = 0;
			defaultConfigurationName = Debug;
		};
		9A863C70EB1463208D2F8B8D /* Build configuration list for PBXProject "AtlasMobile" */ = {
			isa = XCConfigurationList;
			buildConfigurations = (
				1D16D6CDCCB952476DD82F9D /* Debug */,
				B00AB349AF0C70CAFD6A0AD1 /* Release */,
			);
			defaultConfigurationIsVisible = 0;
			defaultConfigurationName = Debug;
		};
		A986621FF4962AC4125ADED2 /* Build configuration list for PBXNativeTarget "AtlasMobile" */ = {
			isa = XCConfigurationList;
			buildConfigurations = (
				77A1441C2984EEA5AC83494E /* Debug */,
				770EDDBE371F4EDBE25AA9D9 /* Release */,
			);
			defaultConfigurationIsVisible = 0;
			defaultConfigurationName = Debug;
		};
/* End XCConfigurationList section */
	};
	rootObject = 8D0B85E0ED1FFEEA17E971DC /* Project object */;
}
